
Microsoft Visual Studio Solution File, Format Version 12.00
# Visual Studio Version 16
VisualStudioVersion = 16.0.31129.286
MinimumVisualStudioVersion = 10.0.40219.1
Project("{FAE04EC0-301F-11D3-BF4B-00C04F79EFBC}") = "SortItOut", "SortItOut\SortItOut.csproj", "{9B89C2F9-9164-41A8-9412-5C3029298B91}"
EndProject
Project("{FAE04EC0-301F-11D3-BF4B-00C04F79EFBC}") = "TechChallangeRun", "TechChallangeRun\TechChallangeRun.csproj", "{B6AD5586-20AC-4336-A1B3-A35B32BEE3F7}"
EndProject
Project("{FAE04EC0-301F-11D3-BF4B-00C04F79EFBC}") = "SortItOut.Tests", "SortItOut.Tests\SortItOut.Tests.csproj", "{182DB9BC-8B76-4ABE-B923-559BB63ECF4D}"
EndProject
Project("{FAE04EC0-301F-11D3-BF4B-00C04F79EFBC}") = "PrychicSoftware", "PrychicSoftware\PrychicSoftware.csproj", "{E08475B2-1C90-4FBB-8FA1-23C9BC5B9B93}"
EndProject
Project("{FAE04EC0-301F-11D3-BF4B-00C04F79EFBC}") = "PrychicSoftware.Tests", "PrychicSoftware.Tests\PrychicSoftware.Tests.csproj", "{64F4E361-F40E-4A57-A147-E65CC97B2F39}"
EndProject
Global
	GlobalSection(SolutionConfigurationPlatforms) = preSolution
		Debug|Any CPU = Debug|Any CPU
		Release|Any CPU = Release|Any CPU
	EndGlobalSection
	GlobalSection(ProjectConfigurationPlatforms) = postSolution
		{9B89C2F9-9164-41A8-9412-5C3029298B91}.Debug|Any CPU.ActiveCfg = Debug|Any CPU
		{9B89C2F9-9164-41A8-9412-5C3029298B91}.Debug|Any CPU.Build.0 = Debug|Any CPU
		{9B89C2F9-9164-41A8-9412-5C3029298B91}.Release|Any CPU.ActiveCfg = Release|Any CPU
		{9B89C2F9-9164-41A8-9412-5C3029298B91}.Release|Any CPU.Build.0 = Release|Any CPU
		{B6AD5586-20AC-4336-A1B3-A35B32BEE3F7}.Debug|Any CPU.ActiveCfg = Debug|Any CPU
		{B6AD5586-20AC-4336-A1B3-A35B32BEE3F7}.Debug|Any CPU.Build.0 = Debug|Any CPU
		{B6AD5586-20AC-4336-A1B3-A35B32BEE3F7}.Release|Any CPU.ActiveCfg = Release|Any CPU
		{B6AD5586-20AC-4336-A1B3-A35B32BEE3F7}.Release|Any CPU.Build.0 = Release|Any CPU
		{182DB9BC-8B76-4ABE-B923-559BB63ECF4D}.Debug|Any CPU.ActiveCfg = Debug|Any CPU
		{182DB9BC-8B76-4ABE-B923-559BB63ECF4D}.Debug|Any CPU.Build.0 = Debug|Any CPU
		{182DB9BC-8B76-4ABE-B923-559BB63ECF4D}.Release|Any CPU.ActiveCfg = Release|Any CPU
		{182DB9BC-8B76-4ABE-B923-559BB63ECF4D}.Release|Any CPU.Build.0 = Release|Any CPU
		{E08475B2-1C90-4FBB-8FA1-23C9BC5B9B93}.Debug|Any CPU.ActiveCfg = Debug|Any CPU
		{E08475B2-1C90-4FBB-8FA1-23C9BC5B9B93}.Debug|Any CPU.Build.0 = Debug|Any CPU
		{E08475B2-1C90-4FBB-8FA1-23C9BC5B9B93}.Release|Any CPU.ActiveCfg = Release|Any CPU
		{E08475B2-1C90-4FBB-8FA1-23C9BC5B9B93}.Release|Any CPU.Build.0 = Release|Any CPU
		{64F4E361-F40E-4A57-A147-E65CC97B2F39}.Debug|Any CPU.ActiveCfg = Debug|Any CPU
		{64F4E361-F40E-4A57-A147-E65CC97B2F39}.Debug|Any CPU.Build.0 = Debug|Any CPU
		{64F4E361-F40E-4A57-A147-E65CC97B2F39}.Release|Any CPU.ActiveCfg = Release|Any CPU
		{64F4E361-F40E-4A57-A147-E65CC97B2F39}.Release|Any CPU.Build.0 = Release|Any CPU
	EndGlobalSection
	GlobalSection(SolutionProperties) = preSolution
		HideSolutionNode = FALSE
	EndGlobalSection
	GlobalSection(ExtensibilityGlobals) = postSolution
		SolutionGuid = {F6CDBA66-EB1F-4B32-9C8C-E0874A05FEB9}
	EndGlobalSection
EndGlobal
